
Microsoft Visual Studio Solution File, Format Version 12.00
# Visual Studio Version 17
VisualStudioVersion = 17.4.33103.184
MinimumVisualStudioVersion = 10.0.40219.1
Project("{8BC9CEB8-8B4A-11D0-8D11-00A0C91BC942}") = "统计大写字母", "统计大写字母\统计大写字母.vcxproj", "{273AB2B8-FCB8-42B7-85CE-FA8CEF046A8A}"
EndProject
Global
	GlobalSection(SolutionConfigurationPlatforms) = preSolution
		Debug|x64 = Debug|x64
		Debug|x86 = Debug|x86
		Release|x64 = Release|x64
		Release|x86 = Release|x86
	EndGlobalSection
	GlobalSection(ProjectConfigurationPlatforms) = postSolution
		{273AB2B8-FCB8-42B7-85CE-FA8CEF046A8A}.Debug|x64.ActiveCfg = Debug|x64
		{273AB2B8-FCB8-42B7-85CE-FA8CEF046A8A}.Debug|x64.Build.0 = Debug|x64
		{273AB2B8-FCB8-42B7-85CE-FA8CEF046A8A}.Debug|x86.ActiveCfg = Debug|Win32
		{273AB2B8-FCB8-42B7-85CE-FA8CEF046A8A}.Debug|x86.Build.0 = Debug|Win32
		{273AB2B8-FCB8-42B7-85CE-FA8CEF046A8A}.Release|x64.ActiveCfg = Release|x64
		{273AB2B8-FCB8-42B7-85CE-FA8CEF046A8A}.Release|x64.Build.0 = Release|x64
		{273AB2B8-FCB8-42B7-85CE-FA8CEF046A8A}.Release|x86.ActiveCfg = Release|Win32
		{273AB2B8-FCB8-42B7-85CE-FA8CEF046A8A}.Release|x86.Build.0 = Release|Win32
	EndGlobalSection
	GlobalSection(SolutionProperties) = preSolution
		HideSolutionNode = FALSE
	EndGlobalSection
	GlobalSection(ExtensibilityGlobals) = postSolution
		SolutionGuid = {B49F4491-B64A-48CE-89B9-C512BB717BD3}
	EndGlobalSection
EndGlobal
